{
  "name": "l-vite-cli",
  "version": "0.0.2",
  "lockfileVersion": 3,
  "requires": true,
  "packages": {
    "": {
      "name": "l-vite-cli",
      "version": "0.0.2",
      "dependencies": {
        "commander": "^11.0.0",
        "l-vite-cli": "^0.0.2"
      },
      "bin": {
        "l-vite": "cli.ts"
      },
      "devDependencies": {
        "bun-types": "latest"
      },
      "peerDependencies": {
        "typescript": "^5.0.0"
      }
    },
    "node_modules/bun-types": {
      "version": "1.0.2",
      "resolved": "https://registry.npmjs.org/bun-types/-/bun-types-1.0.2.tgz",
      "integrity": "sha512-yqBp2SX9cqr5/GReb56uCfM+YP+Hntx3XPjbqX1VJXqOBu+Yqw8iWRFLKFIsz9uEfykLgflhramQ8a5Jgo+Tlg==",
      "dev": true
    },
    "node_modules/commander": {
      "version": "11.0.0",
      "license": "MIT",
      "engines": {
        "node": ">=16"
      }
    },
    "node_modules/l-vite-cli": {
      "version": "0.0.2",
      "resolved": "https://registry.npmjs.org/l-vite-cli/-/l-vite-cli-0.0.2.tgz",
      "integrity": "sha512-aBgDaCCbmy9LyIpu028RmuEj0cyaydppa7vyOBm4yrEJFTPEEbWHSkE7U8rgu3NKxQO7ZCBCAtsOBk0iJZeJJQ==",
      "dependencies": {
        "commander": "^11.0.0",
        "l-vite-cli": "^0.0.1"
      },
      "bin": {
        "l-vite": "cli.ts"
      },
      "peerDependencies": {
        "typescript": "^5.0.0"
      }
    },
    "node_modules/l-vite-cli/node_modules/l-vite-cli": {
      "version": "0.0.1",
      "resolved": "https://registry.npmjs.org/l-vite-cli/-/l-vite-cli-0.0.1.tgz",
      "integrity": "sha512-zHlJJCfgz1E6mwMTas16yp82/4qi4295VGex43zaMtQQRwgspN5tfmn8XfDoZT2P3JL0dMWxcG/6Y5UOgQsrLA==",
      "dependencies": {
        "commander": "^11.0.0"
      },
      "bin": {
        "l-vite": "cli.ts"
      },
      "peerDependencies": {
        "typescript": "^5.0.0"
      }
    },
    "node_modules/typescript": {
      "version": "5.2.2",
      "resolved": "https://registry.npmjs.org/typescript/-/typescript-5.2.2.tgz",
      "integrity": "sha512-mI4WrpHsbCIcwT9cF4FZvr80QUeKvsUsUvKDoR+X/7XHQH98xYD8YHZg7ANtz2GtZt/CBq2QJ0thkGJMHfqc1w==",
      "peer": true,
      "bin": {
        "tsc": "bin/tsc",
        "tsserver": "bin/tsserver"
      },
      "engines": {
        "node": ">=14.17"
      }
    }
  }
}
